Microsoft Visual Studio Solution File, Format Version 12.00
# Visual Studio Version 17
VisualStudioVersion = 17.5.2.0
MinimumVisualStudioVersion = 10.0.40219.1
Project("{FAE04EC0-301F-11D3-BF4B-00C04F79EFBC}") = "CityAid.Api", "CityAid.Api\CityAid.Api.csproj", "{05CE82C0-BBA6-B988-B4FB-543E790A649E}"
EndProject
Global
	GlobalSection(SolutionConfigurationPlatforms) = preSolution
		Debug|Any CPU = Debug|Any CPU
		Release|Any CPU = Release|Any CPU
	EndGlobalSection
	GlobalSection(ProjectConfigurationPlatforms) = postSolution
		{05CE82C0-BBA6-B988-B4FB-543E790A649E}.Debug|Any CPU.ActiveCfg = Debug|Any CPU
		{05CE82C0-BBA6-B988-B4FB-543E790A649E}.Debug|Any CPU.Build.0 = Debug|Any CPU
		{05CE82C0-BBA6-B988-B4FB-543E790A649E}.Release|Any CPU.ActiveCfg = Release|Any CPU
		{05CE82C0-BBA6-B988-B4FB-543E790A649E}.Release|Any CPU.Build.0 = Release|Any CPU
	EndGlobalSection
	GlobalSection(SolutionProperties) = preSolution
		HideSolutionNode = FALSE
	EndGlobalSection
	GlobalSection(ExtensibilityGlobals) = postSolution
		SolutionGuid = {A1B9D196-28DC-4EF8-878A-978B0F62A276}
	EndGlobalSection
EndGlobal
